
Microsoft Visual Studio Solution File, Format Version 12.00
# Visual Studio Version 17
VisualStudioVersion = 17.5.33516.290
MinimumVisualStudioVersion = 10.0.40219.1
Project("{8BC9CEB8-8B4A-11D0-8D11-00A0C91BC942}") = "StringLiterals", "StringLiterals.vcxproj", "{F954662E-8DA1-4768-A49C-263CF48BDB0D}"
EndProject
Global
	GlobalSection(SolutionConfigurationPlatforms) = preSolution
		Debug|x64 = Debug|x64
		Debug|x86 = Debug|x86
		Release|x64 = Release|x64
		Release|x86 = Release|x86
	EndGlobalSection
	GlobalSection(ProjectConfigurationPlatforms) = postSolution
		{F954662E-8DA1-4768-A49C-263CF48BDB0D}.Debug|x64.ActiveCfg = Debug|x64
		{F954662E-8DA1-4768-A49C-263CF48BDB0D}.Debug|x64.Build.0 = Debug|x64
		{F954662E-8DA1-4768-A49C-263CF48BDB0D}.Debug|x86.ActiveCfg = Debug|Win32
		{F954662E-8DA1-4768-A49C-263CF48BDB0D}.Debug|x86.Build.0 = Debug|Win32
		{F954662E-8DA1-4768-A49C-263CF48BDB0D}.Release|x64.ActiveCfg = Release|x64
		{F954662E-8DA1-4768-A49C-263CF48BDB0D}.Release|x64.Build.0 = Release|x64
		{F954662E-8DA1-4768-A49C-263CF48BDB0D}.Release|x86.ActiveCfg = Release|Win32
		{F954662E-8DA1-4768-A49C-263CF48BDB0D}.Release|x86.Build.0 = Release|Win32
	EndGlobalSection
	GlobalSection(SolutionProperties) = preSolution
		HideSolutionNode = FALSE
	EndGlobalSection
	GlobalSection(ExtensibilityGlobals) = postSolution
		SolutionGuid = {2872B3D3-F88E-481B-92C8-F44B00543320}
	EndGlobalSection
EndGlobal
